// !$*UTF8*$!
{
	archiveVersion = 1;
	classes = {
	};
	objectVersion = 46;
	objects = {

/* Begin PBXBuildFile section */
		77CB65561DAB9212004CBFA9 /* main.m in Sources */ = {isa = PBXBuildFile; fileRef = 77CB65551DAB9212004CBFA9 /* main.m */; };
		77CB65591DAB9212004CBFA9 /* AppDelegate.m in Sources */ = {isa = PBXBuildFile; fileRef = 77CB65581DAB9212004CBFA9 /* AppDelegate.m */; };
		77CB655C1DAB9212004CBFA9 /* ViewController.m in Sources */ = {isa = PBXBuildFile; fileRef = 77CB655B1DAB9212004CBFA9 /* ViewController.m */; };
		77CB655F1DAB9212004CBFA9 /* Main.storyboard in Resources */ = {isa = PBXBuildFile; fileRef = 77CB655D1DAB9212004CBFA9 /* Main.storyboard */; };
		77CB65611DAB9212004CBFA9 /* Assets.xcassets in Resources */ = {isa = PBXBuildFile; fileRef = 77CB65601DAB9212004CBFA9 /* Assets.xcassets */; };
		77CB65641DAB9212004CBFA9 /* LaunchScreen.storyboard in Resources */ = {isa = PBXBuildFile; fileRef = 77CB65621DAB9212004CBFA9 /* LaunchScreen.storyboard */; };
		77CB656F1DAB9212004CBFA9 /* Cell_TableviewTests.m in Sources */ = {isa = PBXBuildFile; fileRef = 77CB656E1DAB9212004CBFA9 /* Cell_TableviewTests.m */; };
		77CB657A1DAB9212004CBFA9 /* Cell_TableviewUITests.m in Sources */ = {isa = PBXBuildFile; fileRef = 77CB65791DAB9212004CBFA9 /* Cell_TableviewUITests.m */; };
		77CB658A1DAB9571004CBFA9 /* DetailModel.m in Sources */ = {isa = PBXBuildFile; fileRef = 77CB65891DAB9571004CBFA9 /* DetailModel.m */; };
		77CB658D1DAB95BB004CBFA9 /* CommentModel.m in Sources */ = {isa = PBXBuildFile; fileRef = 77CB658C1DAB95BB004CBFA9 /* CommentModel.m */; };
		77CB659D1DAB9DD5004CBFA9 /* DetailCell.m in Sources */ = {isa = PBXBuildFile; fileRef = 77CB659C1DAB9DD5004CBFA9 /* DetailCell.m */; };
		77CB65A21DABA376004CBFA9 /* CommentCell.m in Sources */ = {isa = PBXBuildFile; fileRef = 77CB65A11DABA376004CBFA9 /* CommentCell.m */; };
/* End PBXBuildFile section */

/* Begin PBXContainerItemProxy section */
		77CB656B1DAB9212004CBFA9 /* PBXContainerItemProxy */ = {
			isa = PBXContainerItemProxy;
			containerPortal = 77CB65491DAB9212004CBFA9 /* Project object */;
			proxyType = 1;
			remoteGlobalIDString = 77CB65501DAB9212004CBFA9;
			remoteInfo = Cell_Tableview;
		};
		77CB65761DAB9212004CBFA9 /* PBXContainerItemProxy */ = {
			isa = PBXContainerItemProxy;
			containerPortal = 77CB65491DAB9212004CBFA9 /* Project object */;
			proxyType = 1;
			remoteGlobalIDString = 77CB65501DAB9212004CBFA9;
			remoteInfo = Cell_Tableview;
		};
/* End PBXContainerItemProxy section */

/* Begin PBXFileReference section */
		77CB65511DAB9212004CBFA9 /* Cell_Tableview.app */ = {isa = PBXFileReference; explicitFileType = wrapper.application; includeInIndex = 0; path = Cell_Tableview.app; sourceTree = BUILT_PRODUCTS_DIR; };
		77CB65551DAB9212004CBFA9 /* main.m */ = {isa = PBXFileReference; lastKnownFileType = sourcecode.c.objc; path = main.m; sourceTree = "<group>"; };
		77CB65571DAB9212004CBFA9 /* AppDelegate.h */ = {isa = PBXFileReference; lastKnownFileType = sourcecode.c.h; path = AppDelegate.h; sourceTree = "<group>"; };
		77CB65581DAB9212004CBFA9 /* AppDelegate.m */ = {isa = PBXFileReference; lastKnownFileType = sourcecode.c.objc; path = AppDelegate.m; sourceTree = "<group>"; };
		77CB655A1DAB9212004CBFA9 /* ViewController.h */ = {isa = PBXFileReference; lastKnownFileType = sourcecode.c.h; path = ViewController.h; sourceTree = "<group>"; };
		77CB655B1DAB9212004CBFA9 /* ViewController.m */ = {isa = PBXFileReference; lastKnownFileType = sourcecode.c.objc; path = ViewController.m; sourceTree = "<group>"; };
		77CB655E1DAB9212004CBFA9 /* Base */ = {isa = PBXFileReference; lastKnownFileType = file.storyboard; name = Base; path = Base.lproj/Main.storyboard; sourceTree = "<group>"; };
		77CB65601DAB9212004CBFA9 /* Assets.xcassets */ = {isa = PBXFileReference; lastKnownFileType = folder.assetcatalog; path = Assets.xcassets; sourceTree = "<group>"; };
		77CB65631DAB9212004CBFA9 /* Base */ = {isa = PBXFileReference; lastKnownFileType = file.storyboard; name = Base; path = Base.lproj/LaunchScreen.storyboard; sourceTree = "<group>"; };
		77CB65651DAB9212004CBFA9 /* Info.plist */ = {isa = PBXFileReference; lastKnownFileType = text.plist.xml; path = Info.plist; sourceTree = "<group>"; };
		77CB656A1DAB9212004CBFA9 /* Cell_TableviewTests.xctest */ = {isa = PBXFileReference; explicitFileType = wrapper.cfbundle; includeInIndex = 0; path = Cell_TableviewTests.xctest; sourceTree = BUILT_PRODUCTS_DIR; };
		77CB656E1DAB9212004CBFA9 /* Cell_TableviewTests.m */ = {isa = PBXFileReference; lastKnownFileType = sourcecode.c.objc; path = Cell_TableviewTests.m; sourceTree = "<group>"; };
		77CB65701DAB9212004CBFA9 /* Info.plist */ = {isa = PBXFileReference; lastKnownFileType = text.plist.xml; path = Info.plist; sourceTree = "<group>"; };
		77CB65751DAB9212004CBFA9 /* Cell_TableviewUITests.xctest */ = {isa = PBXFileReference; explicitFileType = wrapper.cfbundle; includeInIndex = 0; path = Cell_TableviewUITests.xctest; sourceTree = BUILT_PRODUCTS_DIR; };
		77CB65791DAB9212004CBFA9 /* Cell_TableviewUITests.m */ = {isa = PBXFileReference; lastKnownFileType = sourcecode.c.objc; path = Cell_TableviewUITests.m; sourceTree = "<group>"; };
		77CB657B1DAB9212004CBFA9 /* Info.plist */ = {isa = PBXFileReference; lastKnownFileType = text.plist.xml; path = Info.plist; sourceTree = "<group>"; };
		77CB65871DAB9243004CBFA9 /* Cell_tableview.pch */ = {isa = PBXFileReference; lastKnownFileType = sourcecode.c.h; path = Cell_tableview.pch; sourceTree = "<group>"; };
		77CB65881DAB9571004CBFA9 /* DetailModel.h */ = {isa = PBXFileReference; fileEncoding = 4; lastKnownFileType = sourcecode.c.h; path = DetailModel.h; sourceTree = "<group>"; };
		77CB65891DAB9571004CBFA9 /* DetailModel.m */ = {isa = PBXFileReference; fileEncoding = 4; lastKnownFileType = sourcecode.c.objc; path = DetailModel.m; sourceTree = "<group>"; };
		77CB658B1DAB95BB004CBFA9 /* CommentModel.h */ = {isa = PBXFileReference; fileEncoding = 4; lastKnownFileType = sourcecode.c.h; path = CommentModel.h; sourceTree = "<group>"; };
		77CB658C1DAB95BB004CBFA9 /* CommentModel.m */ = {isa = PBXFileReference; fileEncoding = 4; lastKnownFileType = sourcecode.c.objc; path = CommentModel.m; sourceTree = "<group>"; };
		77CB659B1DAB9DD5004CBFA9 /* DetailCell.h */ = {isa = PBXFileReference; fileEncoding = 4; lastKnownFileType = sourcecode.c.h; path = DetailCell.h; sourceTree = "<group>"; };
		77CB659C1DAB9DD5004CBFA9 /* DetailCell.m */ = {isa = PBXFileReference; fileEncoding = 4; lastKnownFileType = sourcecode.c.objc; path = DetailCell.m; sourceTree = "<group>"; };
		77CB65A01DABA376004CBFA9 /* CommentCell.h */ = {isa = PBXFileReference; fileEncoding = 4; lastKnownFileType = sourcecode.c.h; path = CommentCell.h; sourceTree = "<group>"; };
		77CB65A11DABA376004CBFA9 /* CommentCell.m */ = {isa = PBXFileReference; fileEncoding = 4; lastKnownFileType = sourcecode.c.objc; path = CommentCell.m; sourceTree = "<group>"; };
/* End PBXFileReference section */

/* Begin PBXFrameworksBuildPhase section */
		77CB654E1DAB9212004CBFA9 /* Frameworks */ = {
			isa = PBXFrameworksBuildPhase;
			buildActionMask = 2147483647;
			files = (
			);
			runOnlyForDeploymentPostprocessing = 0;
		};
		77CB65671DAB9212004CBFA9 /* Frameworks */ = {
			isa = PBXFrameworksBuildPhase;
			buildActionMask = 2147483647;
			files = (
			);
			runOnlyForDeploymentPostprocessing = 0;
		};
		77CB65721DAB9212004CBFA9 /* Frameworks */ = {
			isa = PBXFrameworksBuildPhase;
			buildActionMask = 2147483647;
			files = (
			);
			runOnlyForDeploymentPostprocessing = 0;
		};
/* End PBXFrameworksBuildPhase section */

/* Begin PBXGroup section */
		77CB65481DAB9212004CBFA9 = {
			isa = PBXGroup;
			children = (
				77CB65531DAB9212004CBFA9 /* Cell_Tableview */,
				77CB656D1DAB9212004CBFA9 /* Cell_TableviewTests */,
				77CB65781DAB9212004CBFA9 /* Cell_TableviewUITests */,
				77CB65521DAB9212004CBFA9 /* Products */,
			);
			sourceTree = "<group>";
		};
		77CB65521DAB9212004CBFA9 /* Products */ = {
			isa = PBXGroup;
			children = (
				77CB65511DAB9212004CBFA9 /* Cell_Tableview.app */,
				77CB656A1DAB9212004CBFA9 /* Cell_TableviewTests.xctest */,
				77CB65751DAB9212004CBFA9 /* Cell_TableviewUITests.xctest */,
			);
			name = Products;
			sourceTree = "<group>";
		};
		77CB65531DAB9212004CBFA9 /* Cell_Tableview */ = {
			isa = PBXGroup;
			children = (
				77CB65571DAB9212004CBFA9 /* AppDelegate.h */,
				77CB65581DAB9212004CBFA9 /* AppDelegate.m */,
				77CB655A1DAB9212004CBFA9 /* ViewController.h */,
				77CB655B1DAB9212004CBFA9 /* ViewController.m */,
				77CB65881DAB9571004CBFA9 /* DetailModel.h */,
				77CB65891DAB9571004CBFA9 /* DetailModel.m */,
				77CB659B1DAB9DD5004CBFA9 /* DetailCell.h */,
				77CB659C1DAB9DD5004CBFA9 /* DetailCell.m */,
				77CB65A01DABA376004CBFA9 /* CommentCell.h */,
				77CB65A11DABA376004CBFA9 /* CommentCell.m */,
				77CB658B1DAB95BB004CBFA9 /* CommentModel.h */,
				77CB658C1DAB95BB004CBFA9 /* CommentModel.m */,
				77CB655D1DAB9212004CBFA9 /* Main.storyboard */,
				77CB65601DAB9212004CBFA9 /* Assets.xcassets */,
				77CB65621DAB9212004CBFA9 /* LaunchScreen.storyboard */,
				77CB65651DAB9212004CBFA9 /* Info.plist */,
				77CB65871DAB9243004CBFA9 /* Cell_tableview.pch */,
				77CB65541DAB9212004CBFA9 /* Supporting Files */,
			);
			path = Cell_Tableview;
			sourceTree = "<group>";
		};
		77CB65541DAB9212004CBFA9 /* Supporting Files */ = {
			isa = PBXGroup;
			children = (
				77CB65551DAB9212004CBFA9 /* main.m */,
			);
			name = "Supporting Files";
			sourceTree = "<group>";
		};
		77CB656D1DAB9212004CBFA9 /* Cell_TableviewTests */ = {
			isa = PBXGroup;
			children = (
				77CB656E1DAB9212004CBFA9 /* Cell_TableviewTests.m */,
				77CB65701DAB9212004CBFA9 /* Info.plist */,
			);
			path = Cell_TableviewTests;
			sourceTree = "<group>";
		};
		77CB65781DAB9212004CBFA9 /* Cell_TableviewUITests */ = {
			isa = PBXGroup;
			children = (
				77CB65791DAB9212004CBFA9 /* Cell_TableviewUITests.m */,
				77CB657B1DAB9212004CBFA9 /* Info.plist */,
			);
			path = Cell_TableviewUITests;
			sourceTree = "<group>";
		};
/* End PBXGroup section */

/* Begin PBXNativeTarget section */
		77CB65501DAB9212004CBFA9 /* Cell_Tableview */ = {
			isa = PBXNativeTarget;
			buildConfigurationList = 77CB657E1DAB9212004CBFA9 /* Build configuration list for PBXNativeTarget "Cell_Tableview" */;
			buildPhases = (
				77CB654D1DAB9212004CBFA9 /* Sources */,
				77CB654E1DAB9212004CBFA9 /* Frameworks */,
				77CB654F1DAB9212004CBFA9 /* Resources */,
			);
			buildRules = (
			);
			dependencies = (
			);
			name = Cell_Tableview;
			productName = Cell_Tableview;
			productReference = 77CB65511DAB9212004CBFA9 /* Cell_Tableview.app */;
			productType = "com.apple.product-type.application";
		};
		77CB65691DAB9212004CBFA9 /* Cell_TableviewTests */ = {
			isa = PBXNativeTarget;
			buildConfigurationList = 77CB65811DAB9212004CBFA9 /* Build configuration list for PBXNativeTarget "Cell_TableviewTests" */;
			buildPhases = (
				77CB65661DAB9212004CBFA9 /* Sources */,
				77CB65671DAB9212004CBFA9 /* Frameworks */,
				77CB65681DAB9212004CBFA9 /* Resources */,
			);
			buildRules = (
			);
			dependencies = (
				77CB656C1DAB9212004CBFA9 /* PBXTargetDependency */,
			);
			name = Cell_TableviewTests;
			productName = Cell_TableviewTests;
			productReference = 77CB656A1DAB9212004CBFA9 /* Cell_TableviewTests.xctest */;
			productType = "com.apple.product-type.bundle.unit-test";
		};
		77CB65741DAB9212004CBFA9 /* Cell_TableviewUITests */ = {
			isa = PBXNativeTarget;
			buildConfigurationList = 77CB65841DAB9212004CBFA9 /* Build configuration list for PBXNativeTarget "Cell_TableviewUITests" */;
			buildPhases = (
				77CB65711DAB9212004CBFA9 /* Sources */,
				77CB65721DAB9212004CBFA9 /* Frameworks */,
				77CB65731DAB9212004CBFA9 /* Resources */,
			);
			buildRules = (
			);
			dependencies = (
				77CB65771DAB9212004CBFA9 /* PBXTargetDependency */,
			);
			name = Cell_TableviewUITests;
			productName = Cell_TableviewUITests;
			productReference = 77CB65751DAB9212004CBFA9 /* Cell_TableviewUITests.xctest */;
			productType = "com.apple.product-type.bundle.ui-testing";
		};
/* End PBXNativeTarget section */

/* Begin PBXProject section */
		77CB65491DAB9212004CBFA9 /* Project object */ = {
			isa = PBXProject;
			attributes = {
				LastUpgradeCheck = 0800;
				ORGANIZATIONNAME = "漫漫";
				TargetAttributes = {
					77CB65501DAB9212004CBFA9 = {
						CreatedOnToolsVersion = 8.0;
						DevelopmentTeam = YQSV9JS5Z8;
						ProvisioningStyle = Automatic;
					};
					77CB65691DAB9212004CBFA9 = {
						CreatedOnToolsVersion = 8.0;
						DevelopmentTeam = YQSV9JS5Z8;
						ProvisioningStyle = Automatic;
						TestTargetID = 77CB65501DAB9212004CBFA9;
					};
					77CB65741DAB9212004CBFA9 = {
						CreatedOnToolsVersion = 8.0;
						DevelopmentTeam = YQSV9JS5Z8;
						ProvisioningStyle = Automatic;
						TestTargetID = 77CB65501DAB9212004CBFA9;
					};
				};
			};
			buildConfigurationList = 77CB654C1DAB9212004CBFA9 /* Build configuration list for PBXProject "Cell_Tableview" */;
			compatibilityVersion = "Xcode 3.2";
			developmentRegion = English;
			hasScannedForEncodings = 0;
			knownRegions = (
				en,
				Base,
			);
			mainGroup = 77CB65481DAB9212004CBFA9;
			productRefGroup = 77CB65521DAB9212004CBFA9 /* Products */;
			projectDirPath = "";
			projectRoot = "";
			targets = (
				77CB65501DAB9212004CBFA9 /* Cell_Tableview */,
				77CB65691DAB9212004CBFA9 /* Cell_TableviewTests */,
				77CB65741DAB9212004CBFA9 /* Cell_TableviewUITests */,
			);
		};
/* End PBXProject section */

/* Begin PBXResourcesBuildPhase section */
		77CB654F1DAB9212004CBFA9 /* Resources */ = {
			isa = PBXResourcesBuildPhase;
			buildActionMask = 2147483647;
			files = (
				77CB65641DAB9212004CBFA9 /* LaunchScreen.storyboard in Resources */,
				77CB65611DAB9212004CBFA9 /* Assets.xcassets in Resources */,
				77CB655F1DAB9212004CBFA9 /* Main.storyboard in Resources */,
			);
			runOnlyForDeploymentPostprocessing = 0;
		};
		77CB65681DAB9212004CBFA9 /* Resources */ = {
			isa = PBXResourcesBuildPhase;
			buildActionMask = 2147483647;
			files = (
			);
			runOnlyForDeploymentPostprocessing = 0;
		};
		77CB65731DAB9212004CBFA9 /* Resources */ = {
			isa = PBXResourcesBuildPhase;
			buildActionMask = 2147483647;
			files = (
			);
			runOnlyForDeploymentPostprocessing = 0;
		};
/* End PBXResourcesBuildPhase section */

/* Begin PBXSourcesBuildPhase section */
		77CB654D1DAB9212004CBFA9 /* Sources */ = {
			isa = PBXSourcesBuildPhase;
			buildActionMask = 2147483647;
			files = (
				77CB658A1DAB9571004CBFA9 /* DetailModel.m in Sources */,
				77CB658D1DAB95BB004CBFA9 /* CommentModel.m in Sources */,
				77CB65A21DABA376004CBFA9 /* CommentCell.m in Sources */,
				77CB659D1DAB9DD5004CBFA9 /* DetailCell.m in Sources */,
				77CB655C1DAB9212004CBFA9 /* ViewController.m in Sources */,
				77CB65591DAB9212004CBFA9 /* AppDelegate.m in Sources */,
				77CB65561DAB9212004CBFA9 /* main.m in Sources */,
			);
			runOnlyForDeploymentPostprocessing = 0;
		};
		77CB65661DAB9212004CBFA9 /* Sources */ = {
			isa = PBXSourcesBuildPhase;
			buildActionMask = 2147483647;
			files = (
				77CB656F1DAB9212004CBFA9 /* Cell_TableviewTests.m in Sources */,
			);
			runOnlyForDeploymentPostprocessing = 0;
		};
		77CB65711DAB9212004CBFA9 /* Sources */ = {
			isa = PBXSourcesBuildPhase;
			buildActionMask = 2147483647;
			files = (
				77CB657A1DAB9212004CBFA9 /* Cell_TableviewUITests.m in Sources */,
			);
			runOnlyForDeploymentPostprocessing = 0;
		};
/* End PBXSourcesBuildPhase section */

/* Begin PBXTargetDependency section */
		77CB656C1DAB9212004CBFA9 /* PBXTargetDependency */ = {
			isa = PBXTargetDependency;
			target = 77CB65501DAB9212004CBFA9 /* Cell_Tableview */;
			targetProxy = 77CB656B1DAB9212004CBFA9 /* PBXContainerItemProxy */;
		};
		77CB65771DAB9212004CBFA9 /* PBXTargetDependency */ = {
			isa = PBXTargetDependency;
			target = 77CB65501DAB9212004CBFA9 /* Cell_Tableview */;
			targetProxy = 77CB65761DAB9212004CBFA9 /* PBXContainerItemProxy */;
		};
/* End PBXTargetDependency section */

/* Begin PBXVariantGroup section */
		77CB655D1DAB9212004CBFA9 /* Main.storyboard */ = {
			isa = PBXVariantGroup;
			children = (
				77CB655E1DAB9212004CBFA9 /* Base */,
			);
			name = Main.storyboard;
			sourceTree = "<group>";
		};
		77CB65621DAB9212004CBFA9 /* LaunchScreen.storyboard */ = {
			isa = PBXVariantGroup;
			children = (
				77CB65631DAB9212004CBFA9 /* Base */,
			);
			name = LaunchScreen.storyboard;
			sourceTree = "<group>";
		};
/* End PBXVariantGroup section */

/* Begin XCBuildConfiguration section */
		77CB657C1DAB9212004CBFA9 /* Debug */ = {
			isa = XCBuildConfiguration;
			buildSettings = {
				ALWAYS_SEARCH_USER_PATHS = NO;
				CLANG_ANALYZER_NONNULL = YES;
				CLANG_CXX_LANGUAGE_STANDARD = "gnu++0x";
				CLANG_CXX_LIBRARY = "libc++";
				CLANG_ENABLE_MODULES = YES;
				CLANG_ENABLE_OBJC_ARC = YES;
				CLANG_WARN_BOOL_CONVERSION = YES;
				CLANG_WARN_CONSTANT_CONVERSION = YES;
				CLANG_WARN_DIRECT_OBJC_ISA_USAGE = YES_ERROR;
				CLANG_WARN_DOCUMENTATION_COMMENTS = YES;
				CLANG_WARN_EMPTY_BODY = YES;
				CLANG_WARN_ENUM_CONVERSION = YES;
				CLANG_WARN_INFINITE_RECURSION = YES;
				CLANG_WARN_INT_CONVERSION = YES;
				CLANG_WARN_OBJC_ROOT_CLASS = YES_ERROR;
				CLANG_WARN_SUSPICIOUS_MOVES = YES;
				CLANG_WARN_UNREACHABLE_CODE = YES;
				CLANG_WARN__DUPLICATE_METHOD_MATCH = YES;
				"CODE_SIGN_IDENTITY[sdk=iphoneos*]" = "iPhone Developer";
				COPY_PHASE_STRIP = NO;
				DEBUG_INFORMATION_FORMAT = dwarf;
				ENABLE_STRICT_OBJC_MSGSEND = YES;
				ENABLE_TESTABILITY = YES;
				GCC_C_LANGUAGE_STANDARD = gnu99;
				GCC_DYNAMIC_NO_PIC = NO;
				GCC_NO_COMMON_BLOCKS = YES;
				GCC_OPTIMIZATION_LEVEL = 0;
				GCC_PREPROCESSOR_DEFINITIONS = (
					"DEBUG=1",
					"$(inherited)",
				);
				GCC_WARN_64_TO_32_BIT_CONVERSION = YES;
				GCC_WARN_ABOUT_RETURN_TYPE = YES_ERROR;
				GCC_WARN_UNDECLARED_SELECTOR = YES;
				GCC_WARN_UNINITIALIZED_AUTOS = YES_AGGRESSIVE;
				GCC_WARN_UNUSED_FUNCTION = YES;
				GCC_WARN_UNUSED_VARIABLE = YES;
				IPHONEOS_DEPLOYMENT_TARGET = 10.0;
				MTL_ENABLE_DEBUG_INFO = YES;
				ONLY_ACTIVE_ARCH = YES;
				SDKROOT = iphoneos;
				TARGETED_DEVICE_FAMILY = "1,2";
			};
			name = Debug;
		};
		77CB657D1DAB9212004CBFA9 /* Release */ = {
			isa = XCBuildConfiguration;
			buildSettings = {
				ALWAYS_SEARCH_USER_PATHS = NO;
				CLANG_ANALYZER_NONNULL = YES;
				CLANG_CXX_LANGUAGE_STANDARD = "gnu++0x";
				CLANG_CXX_LIBRARY = "libc++";
				CLANG_ENABLE_MODULES = YES;
				CLANG_ENABLE_OBJC_ARC = YES;
				CLANG_WARN_BOOL_CONVERSION = YES;
				CLANG_WARN_CONSTANT_CONVERSION = YES;
				CLANG_WARN_DIRECT_OBJC_ISA_USAGE = YES_ERROR;
				CLANG_WARN_DOCUMENTATION_COMMENTS = YES;
				CLANG_WARN_EMPTY_BODY = YES;
				CLANG_WARN_ENUM_CONVERSION = YES;
				CLANG_WARN_INFINITE_RECURSION = YES;
				CLANG_WARN_INT_CONVERSION = YES;
				CLANG_WARN_OBJC_ROOT_CLASS = YES_ERROR;
				CLANG_WARN_SUSPICIOUS_MOVES = YES;
				CLANG_WARN_UNREACHABLE_CODE = YES;
				CLANG_WARN__DUPLICATE_METHOD_MATCH = YES;
				"CODE_SIGN_IDENTITY[sdk=iphoneos*]" = "iPhone Developer";
				COPY_PHASE_STRIP = NO;
				DEBUG_INFORMATION_FORMAT = "dwarf-with-dsym";
				ENABLE_NS_ASSERTIONS = NO;
				ENABLE_STRICT_OBJC_MSGSEND = YES;
				GCC_C_LANGUAGE_STANDARD = gnu99;
				GCC_NO_COMMON_BLOCKS = YES;
				GCC_WARN_64_TO_32_BIT_CONVERSION = YES;
				GCC_WARN_ABOUT_RETURN_TYPE = YES_ERROR;
				GCC_WARN_UNDECLARED_SELECTOR = YES;
				GCC_WARN_UNINITIALIZED_AUTOS = YES_AGGRESSIVE;
				GCC_WARN_UNUSED_FUNCTION = YES;
				GCC_WARN_UNUSED_VARIABLE = YES;
				IPHONEOS_DEPLOYMENT_TARGET = 10.0;
				MTL_ENABLE_DEBUG_INFO = NO;
				SDKROOT = iphoneos;
				TARGETED_DEVICE_FAMILY = "1,2";
				VALIDATE_PRODUCT = YES;
			};
			name = Release;
		};
		77CB657F1DAB9212004CBFA9 /* Debug */ = {
			isa = XCBuildConfiguration;
			buildSettings = {
				ASSETCATALOG_COMPILER_APPICON_NAME = AppIcon;
				DEVELOPMENT_TEAM = YQSV9JS5Z8;
				GCC_PREFIX_HEADER = "$(SRCROOT)/Cell_Tableview/Cell_tableview.pch";
				INFOPLIST_FILE = Cell_Tableview/Info.plist;
				LD_RUNPATH_SEARCH_PATHS = "$(inherited) @executable_path/Frameworks";
				PRODUCT_BUNDLE_IDENTIFIER = "miss.liuxinxin.Cell-Tableview";
				PRODUCT_NAME = "$(TARGET_NAME)";
			};
			name = Debug;
		};
		77CB65801DAB9212004CBFA9 /* Release */ = {
			isa = XCBuildConfiguration;
			buildSettings = {
				ASSETCATALOG_COMPILER_APPICON_NAME = AppIcon;
				DEVELOPMENT_TEAM = YQSV9JS5Z8;
				GCC_PREFIX_HEADER = "$(SRCROOT)/Cell_Tableview/Cell_tableview.pch";
				INFOPLIST_FILE = Cell_Tableview/Info.plist;
				LD_RUNPATH_SEARCH_PATHS = "$(inherited) @executable_path/Frameworks";
				PRODUCT_BUNDLE_IDENTIFIER = "miss.liuxinxin.Cell-Tableview";
				PRODUCT_NAME = "$(TARGET_NAME)";
			};
			name = Release;
		};
		77CB65821DAB9212004CBFA9 /* Debug */ = {
			isa = XCBuildConfiguration;
			buildSettings = {
				BUNDLE_LOADER = "$(TEST_HOST)";
				DEVELOPMENT_TEAM = YQSV9JS5Z8;
				INFOPLIST_FILE = Cell_TableviewTests/Info.plist;
				LD_RUNPATH_SEARCH_PATHS = "$(inherited) @executable_path/Frameworks @loader_path/Frameworks";
				PRODUCT_BUNDLE_IDENTIFIER = "miss.liuxinxin.Cell-TableviewTests";
				PRODUCT_NAME = "$(TARGET_NAME)";
				TEST_HOST = "$(BUILT_PRODUCTS_DIR)/Cell_Tableview.app/Cell_Tableview";
			};
			name = Debug;
		};
		77CB65831DAB9212004CBFA9 /* Release */ = {
			isa = XCBuildConfiguration;
			buildSettings = {
				BUNDLE_LOADER = "$(TEST_HOST)";
				DEVELOPMENT_TEAM = YQSV9JS5Z8;
				INFOPLIST_FILE = Cell_TableviewTests/Info.plist;
				LD_RUNPATH_SEARCH_PATHS = "$(inherited) @executable_path/Frameworks @loader_path/Frameworks";
				PRODUCT_BUNDLE_IDENTIFIER = "miss.liuxinxin.Cell-TableviewTests";
				PRODUCT_NAME = "$(TARGET_NAME)";
				TEST_HOST = "$(BUILT_PRODUCTS_DIR)/Cell_Tableview.app/Cell_Tableview";
			};
			name = Release;
		};
		77CB65851DAB9212004CBFA9 /* Debug */ = {
			isa = XCBuildConfiguration;
			buildSettings = {
				DEVELOPMENT_TEAM = YQSV9JS5Z8;
				INFOPLIST_FILE = Cell_TableviewUITests/Info.plist;
				LD_RUNPATH_SEARCH_PATHS = "$(inherited) @executable_path/Frameworks @loader_path/Frameworks";
				PRODUCT_BUNDLE_IDENTIFIER = "miss.liuxinxin.Cell-TableviewUITests";
				PRODUCT_NAME = "$(TARGET_NAME)";
				TEST_TARGET_NAME = Cell_Tableview;
			};
			name = Debug;
		};
		77CB65861DAB9212004CBFA9 /* Release */ = {
			isa = XCBuildConfiguration;
			buildSettings = {
				DEVELOPMENT_TEAM = YQSV9JS5Z8;
				INFOPLIST_FILE = Cell_TableviewUITests/Info.plist;
				LD_RUNPATH_SEARCH_PATHS = "$(inherited) @executable_path/Frameworks @loader_path/Frameworks";
				PRODUCT_BUNDLE_IDENTIFIER = "miss.liuxinxin.Cell-TableviewUITests";
				PRODUCT_NAME = "$(TARGET_NAME)";
				TEST_TARGET_NAME = Cell_Tableview;
			};
			name = Release;
		};
/* End XCBuildConfiguration section */

/* Begin XCConfigurationList section */
		77CB654C1DAB9212004CBFA9 /* Build configuration list for PBXProject "Cell_Tableview" */ = {
			isa = XCConfigurationList;
			buildConfigurations = (
				77CB657C1DAB9212004CBFA9 /* Debug */,
				77CB657D1DAB9212004CBFA9 /* Release */,
			);
			defaultConfigurationIsVisible = 0;
			defaultConfigurationName = Release;
		};
		77CB657E1DAB9212004CBFA9 /* Build configuration list for PBXNativeTarget "Cell_Tableview" */ = {
			isa = XCConfigurationList;
			buildConfigurations = (
				77CB657F1DAB9212004CBFA9 /* Debug */,
				77CB65801DAB9212004CBFA9 /* Release */,
			);
			defaultConfigurationIsVisible = 0;
			defaultConfigurationName = Release;
		};
		77CB65811DAB9212004CBFA9 /* Build configuration list for PBXNativeTarget "Cell_TableviewTests" */ = {
			isa = XCConfigurationList;
			buildConfigurations = (
				77CB65821DAB9212004CBFA9 /* Debug */,
				77CB65831DAB9212004CBFA9 /* Release */,
			);
			defaultConfigurationIsVisible = 0;
			defaultConfigurationName = Release;
		};
		77CB65841DAB9212004CBFA9 /* Build configuration list for PBXNativeTarget "Cell_TableviewUITests" */ = {
			isa = XCConfigurationList;
			buildConfigurations = (
				77CB65851DAB9212004CBFA9 /* Debug */,
				77CB65861DAB9212004CBFA9 /* Release */,
			);
			defaultConfigurationIsVisible = 0;
			defaultConfigurationName = Release;
		};
/* End XCConfigurationList section */
	};
	rootObject = 77CB65491DAB9212004CBFA9 /* Project object */;
}
